
Microsoft Visual Studio Solution File, Format Version 11.00
# Visual C# Express 2010
Project("{FAE04EC0-301F-11D3-BF4B-00C04F79EFBC}") = "2D Graphics Programming for Games", "2D Graphics Programming for Games\2D Graphics Programming for Games\2D Graphics Programming for Games.csproj", "{341F7187-AA86-4B35-B5A8-7C4AA9FC26FB}"
EndProject
Project("{96E2B04D-8817-42C6-938A-82C39BA4D311}") = "2D Graphics Programming for GamesContent", "2D Graphics Programming for Games\2D Graphics Programming for GamesContent\2D Graphics Programming for GamesContent.contentproj", "{01F9B422-FAB2-457B-92A1-4FD657F719FA}"
EndProject
Project("{FAE04EC0-301F-11D3-BF4B-00C04F79EFBC}") = "BringelandoGameEngine", "BringelandoGameEngine\BringelandoGameEngine\BringelandoGameEngine.csproj", "{BD4C06AD-616F-45FE-B07A-7900958250E1}"
EndProject
Global
	GlobalSection(SolutionConfigurationPlatforms) = preSolution
		Debug|x86 = Debug|x86
		Release|x86 = Release|x86
	EndGlobalSection
	GlobalSection(ProjectConfigurationPlatforms) = postSolution
		{341F7187-AA86-4B35-B5A8-7C4AA9FC26FB}.Debug|x86.ActiveCfg = Debug|x86
		{341F7187-AA86-4B35-B5A8-7C4AA9FC26FB}.Debug|x86.Build.0 = Debug|x86
		{341F7187-AA86-4B35-B5A8-7C4AA9FC26FB}.Release|x86.ActiveCfg = Release|x86
		{341F7187-AA86-4B35-B5A8-7C4AA9FC26FB}.Release|x86.Build.0 = Release|x86
		{01F9B422-FAB2-457B-92A1-4FD657F719FA}.Debug|x86.ActiveCfg = Debug|x86
		{01F9B422-FAB2-457B-92A1-4FD657F719FA}.Release|x86.ActiveCfg = Release|x86
		{BD4C06AD-616F-45FE-B07A-7900958250E1}.Debug|x86.ActiveCfg = Debug|x86
		{BD4C06AD-616F-45FE-B07A-7900958250E1}.Debug|x86.Build.0 = Debug|x86
		{BD4C06AD-616F-45FE-B07A-7900958250E1}.Release|x86.ActiveCfg = Release|x86
		{BD4C06AD-616F-45FE-B07A-7900958250E1}.Release|x86.Build.0 = Release|x86
	EndGlobalSection
	GlobalSection(SolutionProperties) = preSolution
		HideSolutionNode = FALSE
	EndGlobalSection
EndGlobal
